
Microsoft Visual Studio Solution File, Format Version 12.00
# Visual Studio 15
VisualStudioVersion = 15.0.28307.1831
MinimumVisualStudioVersion = 10.0.40219.1
Project("{FAE04EC0-301F-11D3-BF4B-00C04F79EFBC}") = "TSystem_Constructor", "TSystem_Constructor\TSystem_Constructor.csproj", "{3A141780-1701-45F0-9F17-4B78EE026699}"
EndProject
Global
	GlobalSection(SolutionConfigurationPlatforms) = preSolution
		Debug|Any CPU = Debug|Any CPU
		Release|Any CPU = Release|Any CPU
	EndGlobalSection
	GlobalSection(ProjectConfigurationPlatforms) = postSolution
		{3A141780-1701-45F0-9F17-4B78EE026699}.Debug|Any CPU.ActiveCfg = Debug|Any CPU
		{3A141780-1701-45F0-9F17-4B78EE026699}.Debug|Any CPU.Build.0 = Debug|Any CPU
		{3A141780-1701-45F0-9F17-4B78EE026699}.Release|Any CPU.ActiveCfg = Release|Any CPU
		{3A141780-1701-45F0-9F17-4B78EE026699}.Release|Any CPU.Build.0 = Release|Any CPU
	EndGlobalSection
	GlobalSection(SolutionProperties) = preSolution
		HideSolutionNode = FALSE
	EndGlobalSection
	GlobalSection(ExtensibilityGlobals) = postSolution
		SolutionGuid = {9735CA7D-9F96-4DC0-98DF-F9D3D55E19A2}
	EndGlobalSection
EndGlobal
